
Microsoft Visual Studio Solution File, Format Version 12.00
# Visual Studio 14
VisualStudioVersion = 14.0.25420.1
MinimumVisualStudioVersion = 10.0.40219.1
Project("{FAE04EC0-301F-11D3-BF4B-00C04F79EFBC}") = "MvcMusicStore", "MvcMusicStore\MvcMusicStore.csproj", "{40625528-E2AB-4F66-903A-F9306775D4BE}"
EndProject
Project("{FAE04EC0-301F-11D3-BF4B-00C04F79EFBC}") = "MvcMusicStore.Tests", "MvcMusicStore.Tests\MvcMusicStore.Tests.csproj", "{8FC0E126-7D4C-4C92-A3C3-40FB2018EB45}"
EndProject
Global
	GlobalSection(SolutionConfigurationPlatforms) = preSolution
		Debug|Any CPU = Debug|Any CPU
		Release|Any CPU = Release|Any CPU
	EndGlobalSection
	GlobalSection(ProjectConfigurationPlatforms) = postSolution
		{40625528-E2AB-4F66-903A-F9306775D4BE}.Debug|Any CPU.ActiveCfg = Debug|Any CPU
		{40625528-E2AB-4F66-903A-F9306775D4BE}.Debug|Any CPU.Build.0 = Debug|Any CPU
		{40625528-E2AB-4F66-903A-F9306775D4BE}.Release|Any CPU.ActiveCfg = Release|Any CPU
		{40625528-E2AB-4F66-903A-F9306775D4BE}.Release|Any CPU.Build.0 = Release|Any CPU
		{8FC0E126-7D4C-4C92-A3C3-40FB2018EB45}.Debug|Any CPU.ActiveCfg = Debug|Any CPU
		{8FC0E126-7D4C-4C92-A3C3-40FB2018EB45}.Debug|Any CPU.Build.0 = Debug|Any CPU
		{8FC0E126-7D4C-4C92-A3C3-40FB2018EB45}.Release|Any CPU.ActiveCfg = Release|Any CPU
		{8FC0E126-7D4C-4C92-A3C3-40FB2018EB45}.Release|Any CPU.Build.0 = Release|Any CPU
	EndGlobalSection
	GlobalSection(SolutionProperties) = preSolution
		HideSolutionNode = FALSE
	EndGlobalSection
EndGlobal
